<?xml version="1.0" encoding="utf-8"?>
<Project ToolsVersion="4.0" xmlns="http://schemas.microsoft.com/developer/msbuild/2003">
  <ItemGroup>
    <Filter Include="base">
      <UniqueIdentifier>{2a2a3b97-7e67-4fa5-bc50-07e6058da597}</UniqueIdentifier>
    </Filter>
    <Filter Include="net">
      <UniqueIdentifier>{986f182d-83ae-4d09-8d99-1c9e63724cb4}</UniqueIdentifier>
    </Filter>
    <Filter Include="thread">
      <UniqueIdentifier>{aef38e32-7930-495a-bd2e-2d66b405df40}</UniqueIdentifier>
    </Filter>
    <Filter Include="examples">
      <UniqueIdentifier>{3087f944-2eec-40bb-a3cd-ede8aa2484cc}</UniqueIdentifier>
    </Filter>
    <Filter Include="def">
      <UniqueIdentifier>{ee3dc2d6-a36c-441d-81a1-24c6bf33b410}</UniqueIdentifier>
    </Filter>
  </ItemGroup>
  <ItemGroup>
    <ClCompile Include="..\zlreactor\base\Base64.cpp">
      <Filter>base</Filter>
    </ClCompile>
    <ClCompile Include="..\zlreactor\base\ByteArray.cpp">
      <Filter>base</Filter>
    </ClCompile>
    <ClCompile Include="..\zlreactor\base\Date.cpp">
      <Filter>base</Filter>
    </ClCompile>
    <ClCompile Include="..\zlreactor\base\DateTimeUtil.cpp">
      <Filter>base</Filter>
    </ClCompile>
    <ClCompile Include="..\zlreactor\base\FileUtil.cpp">
      <Filter>base</Filter>
    </ClCompile>
    <ClCompile Include="..\zlreactor\base\MD5.cpp">
      <Filter>base</Filter>
    </ClCompile>
    <ClCompile Include="..\zlreactor\base\StringHash.cpp">
      <Filter>base</Filter>
    </ClCompile>
    <ClCompile Include="..\zlreactor\base\Timestamp.cpp">
      <Filter>base</Filter>
    </ClCompile>
    <ClCompile Include="..\zlreactor\base\ZLog.cpp">
      <Filter>base</Filter>
    </ClCompile>
    <ClCompile Include="..\zlreactor\net\ActiveSocket.cpp">
      <Filter>net</Filter>
    </ClCompile>
    <ClCompile Include="..\zlreactor\net\Channel.cpp">
      <Filter>net</Filter>
    </ClCompile>
    <ClCompile Include="..\zlreactor\net\EpollPoller.cpp">
      <Filter>net</Filter>
    </ClCompile>
    <ClCompile Include="..\zlreactor\net\EventLoop.cpp">
      <Filter>net</Filter>
    </ClCompile>
    <ClCompile Include="..\zlreactor\net\InetAddress.cpp">
      <Filter>net</Filter>
    </ClCompile>
    <ClCompile Include="..\zlreactor\net\NetUtil.cpp">
      <Filter>net</Filter>
    </ClCompile>
    <ClCompile Include="..\zlreactor\net\PassiveSocket.cpp">
      <Filter>net</Filter>
    </ClCompile>
    <ClCompile Include="..\zlreactor\net\Poller.cpp">
      <Filter>net</Filter>
    </ClCompile>
    <ClCompile Include="..\zlreactor\net\Socket.cpp">
      <Filter>net</Filter>
    </ClCompile>
    <ClCompile Include="..\zlreactor\net\SocketUtil.cpp">
      <Filter>net</Filter>
    </ClCompile>
    <ClCompile Include="..\zlreactor\net\TcpConnection.cpp">
      <Filter>net</Filter>
    </ClCompile>
    <ClCompile Include="..\zlreactor\net\TcpServer.cpp">
      <Filter>net</Filter>
    </ClCompile>
    <ClCompile Include="..\zlreactor\thread\Thread.cpp">
      <Filter>thread</Filter>
    </ClCompile>
    <ClCompile Include="..\zlreactor\thread\ThreadGroup.cpp">
      <Filter>thread</Filter>
    </ClCompile>
    <ClCompile Include="..\zlreactor\thread\ThreadPool.cpp">
      <Filter>thread</Filter>
    </ClCompile>
    <ClCompile Include="..\examples\echoserver\EchoServer.cpp">
      <Filter>examples</Filter>
    </ClCompile>
    <ClCompile Include="..\zlreactor\net\NetBuffer.cpp">
      <Filter>net</Filter>
    </ClCompile>
    <ClCompile Include="..\zlreactor\base\Exception.cpp">
      <Filter>base</Filter>
    </ClCompile>
    <ClCompile Include="..\zlreactor\base\Demangle.cpp">
      <Filter>base</Filter>
    </ClCompile>
    <ClCompile Include="..\zlreactor\net\TcpClient.cpp">
      <Filter>net</Filter>
    </ClCompile>
    <ClCompile Include="..\zlreactor\net\EventLoopThreadPool.cpp">
      <Filter>net</Filter>
    </ClCompile>
    <ClCompile Include="..\zlreactor\net\PollPoller.cpp">
      <Filter>net</Filter>
    </ClCompile>
    <ClCompile Include="..\zlreactor\net\Timer.cpp">
      <Filter>net</Filter>
    </ClCompile>
    <ClCompile Include="..\zlreactor\net\TimerQueue.cpp">
      <Filter>net</Filter>
    </ClCompile>
    <ClCompile Include="..\zlreactor\net\TcpAcceptor.cpp">
      <Filter>net</Filter>
    </ClCompile>
    <ClCompile Include="..\zlreactor\net\TcpConnector.cpp">
      <Filter>net</Filter>
    </ClCompile>
    <ClCompile Include="..\zlreactor\net\Timerfd.cpp">
      <Filter>net</Filter>
    </ClCompile>
  </ItemGroup>
  <ItemGroup>
    <ClInclude Include="..\zlreactor\base\Base64.h">
      <Filter>base</Filter>
    </ClInclude>
    <ClInclude Include="..\zlreactor\base\ByteArray.h">
      <Filter>base</Filter>
    </ClInclude>
    <ClInclude Include="..\zlreactor\base\Closure.h">
      <Filter>base</Filter>
    </ClInclude>
    <ClInclude Include="..\zlreactor\base\Date.h">
      <Filter>base</Filter>
    </ClInclude>
    <ClInclude Include="..\zlreactor\base\DateTimeUtil.h">
      <Filter>base</Filter>
    </ClInclude>
    <ClInclude Include="..\zlreactor\base\FileUtil.h">
      <Filter>base</Filter>
    </ClInclude>
    <ClInclude Include="..\zlreactor\base\HighPrecisionTime.h">
      <Filter>base</Filter>
    </ClInclude>
    <ClInclude Include="..\zlreactor\base\IntrusiveList.h">
      <Filter>base</Filter>
    </ClInclude>
    <ClInclude Include="..\zlreactor\base\MathUtil.h">
      <Filter>base</Filter>
    </ClInclude>
    <ClInclude Include="..\zlreactor\base\MD5.h">
      <Filter>base</Filter>
    </ClInclude>
    <ClInclude Include="..\zlreactor\base\NonCopy.h">
      <Filter>base</Filter>
    </ClInclude>
    <ClInclude Include="..\zlreactor\base\ProcessTimeCounter.h">
      <Filter>base</Filter>
    </ClInclude>
    <ClInclude Include="..\zlreactor\base\ScopeExitGuard.h">
      <Filter>base</Filter>
    </ClInclude>
    <ClInclude Include="..\zlreactor\base\Singleton.h">
      <Filter>base</Filter>
    </ClInclude>
    <ClInclude Include="..\zlreactor\base\SmartAssert.h">
      <Filter>base</Filter>
    </ClInclude>
    <ClInclude Include="..\zlreactor\base\StlUtil.h">
      <Filter>base</Filter>
    </ClInclude>
    <ClInclude Include="..\zlreactor\base\StopWatch.h">
      <Filter>base</Filter>
    </ClInclude>
    <ClInclude Include="..\zlreactor\base\StringHash.h">
      <Filter>base</Filter>
    </ClInclude>
    <ClInclude Include="..\zlreactor\base\StrUtil.h">
      <Filter>base</Filter>
    </ClInclude>
    <ClInclude Include="..\zlreactor\base\Timestamp.h">
      <Filter>base</Filter>
    </ClInclude>
    <ClInclude Include="..\zlreactor\base\ZLog.h">
      <Filter>base</Filter>
    </ClInclude>
    <ClInclude Include="..\zlreactor\net\ActiveSocket.h">
      <Filter>net</Filter>
    </ClInclude>
    <ClInclude Include="..\zlreactor\net\CallBacks.h">
      <Filter>net</Filter>
    </ClInclude>
    <ClInclude Include="..\zlreactor\net\Channel.h">
      <Filter>net</Filter>
    </ClInclude>
    <ClInclude Include="..\zlreactor\net\EpollPoller.h">
      <Filter>net</Filter>
    </ClInclude>
    <ClInclude Include="..\zlreactor\net\EventLoop.h">
      <Filter>net</Filter>
    </ClInclude>
    <ClInclude Include="..\zlreactor\net\InetAddress.h">
      <Filter>net</Filter>
    </ClInclude>
    <ClInclude Include="..\zlreactor\net\NetUtil.h">
      <Filter>net</Filter>
    </ClInclude>
    <ClInclude Include="..\zlreactor\net\PassiveSocket.h">
      <Filter>net</Filter>
    </ClInclude>
    <ClInclude Include="..\zlreactor\net\Poller.h">
      <Filter>net</Filter>
    </ClInclude>
    <ClInclude Include="..\zlreactor\net\Socket.h">
      <Filter>net</Filter>
    </ClInclude>
    <ClInclude Include="..\zlreactor\net\SocketUtil.h">
      <Filter>net</Filter>
    </ClInclude>
    <ClInclude Include="..\zlreactor\net\TcpConnection.h">
      <Filter>net</Filter>
    </ClInclude>
    <ClInclude Include="..\zlreactor\net\TcpServer.h">
      <Filter>net</Filter>
    </ClInclude>
    <ClInclude Include="..\zlreactor\thread\Atomic.h">
      <Filter>thread</Filter>
    </ClInclude>
    <ClInclude Include="..\zlreactor\thread\BlockingQueue.h">
      <Filter>thread</Filter>
    </ClInclude>
    <ClInclude Include="..\zlreactor\thread\BlockingQueueWorker.h">
      <Filter>thread</Filter>
    </ClInclude>
    <ClInclude Include="..\zlreactor\thread\BoundedBlockingQueue.h">
      <Filter>thread</Filter>
    </ClInclude>
    <ClInclude Include="..\zlreactor\thread\Condition.h">
      <Filter>thread</Filter>
    </ClInclude>
    <ClInclude Include="..\zlreactor\thread\CountDownLatch.h">
      <Filter>thread</Filter>
    </ClInclude>
    <ClInclude Include="..\zlreactor\thread\Mutex.h">
      <Filter>thread</Filter>
    </ClInclude>
    <ClInclude Include="..\zlreactor\thread\Semaphore.h">
      <Filter>thread</Filter>
    </ClInclude>
    <ClInclude Include="..\zlreactor\thread\Thread.h">
      <Filter>thread</Filter>
    </ClInclude>
    <ClInclude Include="..\zlreactor\thread\ThreadGroup.h">
      <Filter>thread</Filter>
    </ClInclude>
    <ClInclude Include="..\zlreactor\thread\ThreadLocal.h">
      <Filter>thread</Filter>
    </ClInclude>
    <ClInclude Include="..\zlreactor\thread\ThreadPool.h">
      <Filter>thread</Filter>
    </ClInclude>
    <ClInclude Include="..\zlreactor\Define.h">
      <Filter>def</Filter>
    </ClInclude>
    <ClInclude Include="..\zlreactor\OsDefine.h">
      <Filter>def</Filter>
    </ClInclude>
    <ClInclude Include="..\zlreactor\net\NetBuffer.h">
      <Filter>net</Filter>
    </ClInclude>
    <ClInclude Include="..\zlreactor\base\Exception.h">
      <Filter>base</Filter>
    </ClInclude>
    <ClInclude Include="..\zlreactor\base\Demangle.h">
      <Filter>base</Filter>
    </ClInclude>
    <ClInclude Include="..\zlreactor\net\TcpClient.h">
      <Filter>net</Filter>
    </ClInclude>
    <ClInclude Include="..\zlreactor\net\EventLoopThreadPool.h">
      <Filter>net</Filter>
    </ClInclude>
    <ClInclude Include="..\zlreactor\net\PollPoller.h">
      <Filter>net</Filter>
    </ClInclude>
    <ClInclude Include="..\zlreactor\net\PipePairFactory.h">
      <Filter>net</Filter>
    </ClInclude>
    <ClInclude Include="..\zlreactor\net\Timer.h">
      <Filter>net</Filter>
    </ClInclude>
    <ClInclude Include="..\zlreactor\net\TimerQueue.h">
      <Filter>net</Filter>
    </ClInclude>
    <ClInclude Include="..\zlreactor\net\TcpAcceptor.h">
      <Filter>net</Filter>
    </ClInclude>
    <ClInclude Include="..\zlreactor\net\TcpConnector.h">
      <Filter>net</Filter>
    </ClInclude>
    <ClInclude Include="..\zlreactor\net\Timerfd.h">
      <Filter>net</Filter>
    </ClInclude>
  </ItemGroup>
</Project>